version: 2.0
shards:
  cors:
    git: https://github.com/prutya/cors.git
    version: 0.3.0

  pool:
    git: https://github.com/ysbaddaden/pool.git
    version: 0.2.4

  radix:
    git: https://github.com/luislavena/radix.git
    version: 0.4.1

  redis:
    git: https://github.com/stefanwille/crystal-redis.git
    version: 2.8.3

  router:
    git: https://github.com/jhelbig/router.cr.git
    version: 0.2.9

  watcher:
    git: https://github.com/faustinoaq/watcher.git
    version: 0.3.0

  ydl:
    git: https://github.com/jhelbig/ydl.git
    version: 0.1.0+git.commit.271882120782511fe3c6b424c4517052400e45db

